
Microsoft Visual Studio Solution File, Format Version 12.00
# Visual Studio Version 17
VisualStudioVersion = 17.2.32602.215
MinimumVisualStudioVersion = 10.0.40219.1
Project("{9A19103F-16F7-4668-BE54-9A1E7A4F7556}") = "Publisher", "Publisher.csproj", "{B0D22CA1-A515-4663-8063-7ECAF5B4D562}"
EndProject
Project("{FAE04EC0-301F-11D3-BF4B-00C04F79EFBC}") = "Consumer", "..\Consumer\Consumer.csproj", "{4BC9B68A-CCC0-4A6E-B29B-B2FEB3FD607C}"
EndProject
Global
	GlobalSection(SolutionConfigurationPlatforms) = preSolution
		Debug|Any CPU = Debug|Any CPU
		Release|Any CPU = Release|Any CPU
	EndGlobalSection
	GlobalSection(ProjectConfigurationPlatforms) = postSolution
		{B0D22CA1-A515-4663-8063-7ECAF5B4D562}.Debug|Any CPU.ActiveCfg = Debug|Any CPU
		{B0D22CA1-A515-4663-8063-7ECAF5B4D562}.Debug|Any CPU.Build.0 = Debug|Any CPU
		{B0D22CA1-A515-4663-8063-7ECAF5B4D562}.Release|Any CPU.ActiveCfg = Release|Any CPU
		{B0D22CA1-A515-4663-8063-7ECAF5B4D562}.Release|Any CPU.Build.0 = Release|Any CPU
		{4BC9B68A-CCC0-4A6E-B29B-B2FEB3FD607C}.Debug|Any CPU.ActiveCfg = Debug|Any CPU
		{4BC9B68A-CCC0-4A6E-B29B-B2FEB3FD607C}.Debug|Any CPU.Build.0 = Debug|Any CPU
		{4BC9B68A-CCC0-4A6E-B29B-B2FEB3FD607C}.Release|Any CPU.ActiveCfg = Release|Any CPU
		{4BC9B68A-CCC0-4A6E-B29B-B2FEB3FD607C}.Release|Any CPU.Build.0 = Release|Any CPU
	EndGlobalSection
	GlobalSection(SolutionProperties) = preSolution
		HideSolutionNode = FALSE
	EndGlobalSection
	GlobalSection(ExtensibilityGlobals) = postSolution
		SolutionGuid = {7438A831-9F4B-47B8-8918-1EF8DA31EA15}
	EndGlobalSection
EndGlobal
