
Microsoft Visual Studio Solution File, Format Version 12.00
# Visual Studio Version 17
VisualStudioVersion = 17.2.32602.215
MinimumVisualStudioVersion = 10.0.40219.1
Project("{FAE04EC0-301F-11D3-BF4B-00C04F79EFBC}") = "Publisher", "Publisher.csproj", "{CCA59F9C-2CFB-4F87-89D8-14B329C981C9}"
EndProject
Project("{FAE04EC0-301F-11D3-BF4B-00C04F79EFBC}") = "Consumer", "..\Consumer\Consumer.csproj", "{25DB22BE-320C-4A7E-B13F-94A8872859E4}"
EndProject
Global
	GlobalSection(SolutionConfigurationPlatforms) = preSolution
		Debug|Any CPU = Debug|Any CPU
		Release|Any CPU = Release|Any CPU
	EndGlobalSection
	GlobalSection(ProjectConfigurationPlatforms) = postSolution
		{CCA59F9C-2CFB-4F87-89D8-14B329C981C9}.Debug|Any CPU.ActiveCfg = Debug|Any CPU
		{CCA59F9C-2CFB-4F87-89D8-14B329C981C9}.Debug|Any CPU.Build.0 = Debug|Any CPU
		{CCA59F9C-2CFB-4F87-89D8-14B329C981C9}.Release|Any CPU.ActiveCfg = Release|Any CPU
		{CCA59F9C-2CFB-4F87-89D8-14B329C981C9}.Release|Any CPU.Build.0 = Release|Any CPU
		{25DB22BE-320C-4A7E-B13F-94A8872859E4}.Debug|Any CPU.ActiveCfg = Debug|Any CPU
		{25DB22BE-320C-4A7E-B13F-94A8872859E4}.Debug|Any CPU.Build.0 = Debug|Any CPU
		{25DB22BE-320C-4A7E-B13F-94A8872859E4}.Release|Any CPU.ActiveCfg = Release|Any CPU
		{25DB22BE-320C-4A7E-B13F-94A8872859E4}.Release|Any CPU.Build.0 = Release|Any CPU
	EndGlobalSection
	GlobalSection(SolutionProperties) = preSolution
		HideSolutionNode = FALSE
	EndGlobalSection
	GlobalSection(ExtensibilityGlobals) = postSolution
		SolutionGuid = {C0CF5D08-395C-4E34-899A-B5F659EDADE0}
	EndGlobalSection
EndGlobal
